// !$*UTF8*$!
{
	archiveVersion = 1;
	classes = {
	};
	objectVersion = 51;
	objects = {

/* Begin PBXBuildFile section */
		0E792B6944DC35A6EB44E061 /* Pods_wallet.framework in Frameworks */ = {isa = PBXBuildFile; fileRef = D55D7342C2EDB0E32FCED51F /* Pods_wallet.framework */; };
		356A60CC2333B93F00E8D118 /* AppDelegate.swift in Sources */ = {isa = PBXBuildFile; fileRef = 356A60CB2333B93F00E8D118 /* AppDelegate.swift */; };
		356A60CE2333B93F00E8D118 /* WelcomeViewController.swift in Sources */ = {isa = PBXBuildFile; fileRef = 356A60CD2333B93F00E8D118 /* WelcomeViewController.swift */; };
		356A60D12333B93F00E8D118 /* Main.storyboard in Resources */ = {isa = PBXBuildFile; fileRef = 356A60CF2333B93F00E8D118 /* Main.storyboard */; };
		356A60D32333B94000E8D118 /* Assets.xcassets in Resources */ = {isa = PBXBuildFile; fileRef = 356A60D22333B94000E8D118 /* Assets.xcassets */; };
		356A60D62333B94000E8D118 /* LaunchScreen.storyboard in Resources */ = {isa = PBXBuildFile; fileRef = 356A60D42333B94000E8D118 /* LaunchScreen.storyboard */; };
		356A60DE2333C7A500E8D118 /* Auth.storyboard in Resources */ = {isa = PBXBuildFile; fileRef = 356A60DD2333C7A500E8D118 /* Auth.storyboard */; };
		35B8CE1B23398713007BC0C8 /* R.generated.swift in Sources */ = {isa = PBXBuildFile; fileRef = 35B8CE1A23398713007BC0C8 /* R.generated.swift */; };
		35B8CE23233A66AD007BC0C8 /* TTNorms-Medium.otf in Resources */ = {isa = PBXBuildFile; fileRef = 35B8CE21233A66AD007BC0C8 /* TTNorms-Medium.otf */; };
		35B8CE24233A66AD007BC0C8 /* TTNorms-Bold.otf in Resources */ = {isa = PBXBuildFile; fileRef = 35B8CE22233A66AD007BC0C8 /* TTNorms-Bold.otf */; };
		35C93FA5233ADD03003EF90B /* SendView.xib in Resources */ = {isa = PBXBuildFile; fileRef = 35C93FA4233ADD03003EF90B /* SendView.xib */; };
		35C93FA8233AFE24003EF90B /* Menu.storyboard in Resources */ = {isa = PBXBuildFile; fileRef = 35C93FA7233AFE24003EF90B /* Menu.storyboard */; };
		35C93FAB233B0D2B003EF90B /* MenuTableViewCell.xib in Resources */ = {isa = PBXBuildFile; fileRef = 35C93FA9233B0538003EF90B /* MenuTableViewCell.xib */; };
		B8EA10042D35D8D0F8B73B77 /* ReceiveView.swift in Sources */ = {isa = PBXBuildFile; fileRef = B8EA15972F01E94FB2FC5BC3 /* ReceiveView.swift */; };
		B8EA121C55AEAAE0ED0F306B /* Palette.swift in Sources */ = {isa = PBXBuildFile; fileRef = B8EA110F9290250EC4D79180 /* Palette.swift */; };
		B8EA12606E90F967E84A040E /* AuthManager.swift in Sources */ = {isa = PBXBuildFile; fileRef = B8EA11F255A323DDBD75F780 /* AuthManager.swift */; };
		B8EA12967CF8667931778061 /* ApiClient.swift in Sources */ = {isa = PBXBuildFile; fileRef = B8EA10B587A40452E6650A9E /* ApiClient.swift */; };
		B8EA1347970505193E9CD473 /* UIView+Extension.swift in Sources */ = {isa = PBXBuildFile; fileRef = B8EA1AB4DE484A22A99E7DFD /* UIView+Extension.swift */; };
		B8EA135ACA1DCB77A9B3928C /* GradientButton.swift in Sources */ = {isa = PBXBuildFile; fileRef = B8EA1454E4B1EBD958E7E413 /* GradientButton.swift */; };
		B8EA13A051ECAFB38A3C6C8A /* MainViewController.swift in Sources */ = {isa = PBXBuildFile; fileRef = B8EA14EA8EB8491A251D3603 /* MainViewController.swift */; };
		B8EA13E852C7199422A9CDAE /* NibView.swift in Sources */ = {isa = PBXBuildFile; fileRef = B8EA1FD8D39ED0115C317AB0 /* NibView.swift */; };
		B8EA14C1D449204D9962F822 /* PrivateKeyController.swift in Sources */ = {isa = PBXBuildFile; fileRef = B8EA1A04EBB7AD8A41903DC0 /* PrivateKeyController.swift */; };
		B8EA14CE5A9CBD1DD0AEFD15 /* Transaction.swift in Sources */ = {isa = PBXBuildFile; fileRef = B8EA15CACE2F314CC56DE501 /* Transaction.swift */; };
		B8EA14D1F3A16E25A9A52D2F /* UIApplication+Extension.swift in Sources */ = {isa = PBXBuildFile; fileRef = B8EA1125F44A41A6588C1CEF /* UIApplication+Extension.swift */; };
		B8EA15AB5BE6A3A17F66EB3E /* CryptoHelper.swift in Sources */ = {isa = PBXBuildFile; fileRef = B8EA187D7B0E33D8CE47C5D7 /* CryptoHelper.swift */; };
		B8EA15CBA9C960A2BFA918EB /* TabsView.swift in Sources */ = {isa = PBXBuildFile; fileRef = B8EA1506248F3332EFE0E994 /* TabsView.swift */; };
		B8EA1617BC48D1A4733B604A /* Secp256k1Swift.swift in Sources */ = {isa = PBXBuildFile; fileRef = B8EA14752B8C5D97AE37EEE6 /* Secp256k1Swift.swift */; };
		B8EA16453984B1EBC51FF657 /* SocialsViewController.swift in Sources */ = {isa = PBXBuildFile; fileRef = B8EA15E9D33B339A27DBDBA4 /* SocialsViewController.swift */; };
		B8EA16A409C0D7F92A21D1AD /* AuthMode.swift in Sources */ = {isa = PBXBuildFile; fileRef = B8EA1DEA865063CF4BEDC5EA /* AuthMode.swift */; };
		B8EA1763767A6770EB43A11B /* MenuTableViewCell.swift in Sources */ = {isa = PBXBuildFile; fileRef = B8EA153FCAB0D191495A8C99 /* MenuTableViewCell.swift */; };
		B8EA178F557753B48D3EB921 /* SwapView.xib in Resources */ = {isa = PBXBuildFile; fileRef = B8EA168995FDB5D5200A9D25 /* SwapView.xib */; };
		B8EA17D142D8F7F87EFC69D5 /* Array+Extension.swift in Sources */ = {isa = PBXBuildFile; fileRef = B8EA10E4437B39F7691B4E73 /* Array+Extension.swift */; };
		B8EA1822B48727D7ADDDBF08 /* GradientView.swift in Sources */ = {isa = PBXBuildFile; fileRef = B8EA1F0AC6F5DA4951A86E7C /* GradientView.swift */; };
		B8EA182891245D4675ADDF7B /* ReceiveView.xib in Resources */ = {isa = PBXBuildFile; fileRef = B8EA11BCF085AD7E415F26FD /* ReceiveView.xib */; };
		B8EA1849D8A479672073A236 /* TransactionStatus.swift in Sources */ = {isa = PBXBuildFile; fileRef = B8EA176DF3BA89D6967086D3 /* TransactionStatus.swift */; };
		B8EA18AC5731348E4C36DA5F /* ApiRouter.swift in Sources */ = {isa = PBXBuildFile; fileRef = B8EA1874540FD9E5BF532F3F /* ApiRouter.swift */; };
		B8EA191BFDEF30B297938C5D /* ApiConstants.swift in Sources */ = {isa = PBXBuildFile; fileRef = B8EA17552578856912F65A4F /* ApiConstants.swift */; };
		B8EA1924649899AC4079D1A9 /* TransferViewController.swift in Sources */ = {isa = PBXBuildFile; fileRef = B8EA1A06E3393C3709805246 /* TransferViewController.swift */; };
		B8EA1AC9E7E32FCA2FFD663C /* FaqViewController.swift in Sources */ = {isa = PBXBuildFile; fileRef = B8EA1D8EC716C39C262B2F0B /* FaqViewController.swift */; };
		B8EA1AD5D60A2E7DACBB78A8 /* Slider.swift in Sources */ = {isa = PBXBuildFile; fileRef = B8EA121B268DF274D4508B63 /* Slider.swift */; };
		B8EA1B5D5B4BE05678661594 /* AboutViewController.swift in Sources */ = {isa = PBXBuildFile; fileRef = B8EA1DBE3695611D726A76D6 /* AboutViewController.swift */; };
		B8EA1B89B74C8FB7DCF67632 /* MenuViewController.swift in Sources */ = {isa = PBXBuildFile; fileRef = B8EA1DAB32B70779EF93B2DE /* MenuViewController.swift */; };
		B8EA1C041CF5B2023AFDC0BE /* AuthViewController.swift in Sources */ = {isa = PBXBuildFile; fileRef = B8EA1E69D0A92BCBA9D4AAEA /* AuthViewController.swift */; };
		B8EA1C6783C9B23D7D74D9C3 /* AddressViewController.swift in Sources */ = {isa = PBXBuildFile; fileRef = B8EA1239C2672DEF51BEADC4 /* AddressViewController.swift */; };
		B8EA1CC4E9CA358A0E45BB0F /* UIColor+Extension.swift in Sources */ = {isa = PBXBuildFile; fileRef = B8EA101A8262DEB1CE21A0A5 /* UIColor+Extension.swift */; };
		B8EA1D346E2A804AA6E52308 /* SwapView.swift in Sources */ = {isa = PBXBuildFile; fileRef = B8EA14FE6D28D74937B28B55 /* SwapView.swift */; };
		B8EA1E0979AC35B894DA7F7D /* KeychainPasswordItem.swift in Sources */ = {isa = PBXBuildFile; fileRef = B8EA1736201913A7A18D87BB /* KeychainPasswordItem.swift */; };
		B8EA1E29300288410B2DFC07 /* SendView.swift in Sources */ = {isa = PBXBuildFile; fileRef = B8EA1506B1F969451F03F8FD /* SendView.swift */; };
		B8EA1F79D851002539ED16CE /* BalanceAmount.swift in Sources */ = {isa = PBXBuildFile; fileRef = B8EA1651FDBF392B83C7A618 /* BalanceAmount.swift */; };
/* End PBXBuildFile section */

/* Begin PBXFileReference section */
		08EAD1528A6739EEF0C63E0F /* Pods-wallet.release.xcconfig */ = {isa = PBXFileReference; includeInIndex = 1; lastKnownFileType = text.xcconfig; name = "Pods-wallet.release.xcconfig"; path = "Target Support Files/Pods-wallet/Pods-wallet.release.xcconfig"; sourceTree = "<group>"; };
		354A96D423428ED500C2AEFA /* Wallet-Bridging-Header.h */ = {isa = PBXFileReference; lastKnownFileType = sourcecode.c.h; path = "Wallet-Bridging-Header.h"; sourceTree = "<group>"; };
		356A60C82333B93F00E8D118 /* Enecuum Wallet.app */ = {isa = PBXFileReference; explicitFileType = wrapper.application; includeInIndex = 0; path = "Enecuum Wallet.app"; sourceTree = BUILT_PRODUCTS_DIR; };
		356A60CB2333B93F00E8D118 /* AppDelegate.swift */ = {isa = PBXFileReference; lastKnownFileType = sourcecode.swift; path = AppDelegate.swift; sourceTree = "<group>"; };
		356A60CD2333B93F00E8D118 /* WelcomeViewController.swift */ = {isa = PBXFileReference; lastKnownFileType = sourcecode.swift; path = WelcomeViewController.swift; sourceTree = "<group>"; };
		356A60D02333B93F00E8D118 /* Base */ = {isa = PBXFileReference; lastKnownFileType = file.storyboard; name = Base; path = Base.lproj/Main.storyboard; sourceTree = "<group>"; };
		356A60D22333B94000E8D118 /* Assets.xcassets */ = {isa = PBXFileReference; lastKnownFileType = folder.assetcatalog; path = Assets.xcassets; sourceTree = "<group>"; };
		356A60D52333B94000E8D118 /* Base */ = {isa = PBXFileReference; lastKnownFileType = file.storyboard; name = Base; path = Base.lproj/LaunchScreen.storyboard; sourceTree = "<group>"; };
		356A60D72333B94000E8D118 /* Info.plist */ = {isa = PBXFileReference; lastKnownFileType = text.plist.xml; path = Info.plist; sourceTree = "<group>"; };
		356A60DD2333C7A500E8D118 /* Auth.storyboard */ = {isa = PBXFileReference; lastKnownFileType = file.storyboard; path = Auth.storyboard; sourceTree = "<group>"; };
		35B8CE1A23398713007BC0C8 /* R.generated.swift */ = {isa = PBXFileReference; fileEncoding = 4; lastKnownFileType = sourcecode.swift; path = R.generated.swift; sourceTree = "<group>"; };
		35B8CE21233A66AD007BC0C8 /* TTNorms-Medium.otf */ = {isa = PBXFileReference; lastKnownFileType = file; path = "TTNorms-Medium.otf"; sourceTree = "<group>"; };
		35B8CE22233A66AD007BC0C8 /* TTNorms-Bold.otf */ = {isa = PBXFileReference; lastKnownFileType = file; path = "TTNorms-Bold.otf"; sourceTree = "<group>"; };
		35C93FA4233ADD03003EF90B /* SendView.xib */ = {isa = PBXFileReference; lastKnownFileType = file.xib; path = SendView.xib; sourceTree = "<group>"; };
		35C93FA7233AFE24003EF90B /* Menu.storyboard */ = {isa = PBXFileReference; lastKnownFileType = file.storyboard; path = Menu.storyboard; sourceTree = "<group>"; };
		35C93FA9233B0538003EF90B /* MenuTableViewCell.xib */ = {isa = PBXFileReference; fileEncoding = 4; lastKnownFileType = file.xib; path = MenuTableViewCell.xib; sourceTree = "<group>"; };
		4A1D9D2B4E61AC9284666F23 /* Pods-wallet.debug.xcconfig */ = {isa = PBXFileReference; includeInIndex = 1; lastKnownFileType = text.xcconfig; name = "Pods-wallet.debug.xcconfig"; path = "Target Support Files/Pods-wallet/Pods-wallet.debug.xcconfig"; sourceTree = "<group>"; };
		B8EA101A8262DEB1CE21A0A5 /* UIColor+Extension.swift */ = {isa = PBXFileReference; fileEncoding = 4; lastKnownFileType = sourcecode.swift; path = "UIColor+Extension.swift"; sourceTree = "<group>"; };
		B8EA10B587A40452E6650A9E /* ApiClient.swift */ = {isa = PBXFileReference; fileEncoding = 4; lastKnownFileType = sourcecode.swift; path = ApiClient.swift; sourceTree = "<group>"; };
		B8EA10E4437B39F7691B4E73 /* Array+Extension.swift */ = {isa = PBXFileReference; fileEncoding = 4; lastKnownFileType = sourcecode.swift; path = "Array+Extension.swift"; sourceTree = "<group>"; };
		B8EA110F9290250EC4D79180 /* Palette.swift */ = {isa = PBXFileReference; fileEncoding = 4; lastKnownFileType = sourcecode.swift; path = Palette.swift; sourceTree = "<group>"; };
		B8EA1125F44A41A6588C1CEF /* UIApplication+Extension.swift */ = {isa = PBXFileReference; fileEncoding = 4; lastKnownFileType = sourcecode.swift; path = "UIApplication+Extension.swift"; sourceTree = "<group>"; };
		B8EA11BCF085AD7E415F26FD /* ReceiveView.xib */ = {isa = PBXFileReference; lastKnownFileType = file.xib; path = ReceiveView.xib; sourceTree = "<group>"; };
		B8EA11F255A323DDBD75F780 /* AuthManager.swift */ = {isa = PBXFileReference; fileEncoding = 4; lastKnownFileType = sourcecode.swift; path = AuthManager.swift; sourceTree = "<group>"; };
		B8EA121B268DF274D4508B63 /* Slider.swift */ = {isa = PBXFileReference; fileEncoding = 4; lastKnownFileType = sourcecode.swift; path = Slider.swift; sourceTree = "<group>"; };
		B8EA1239C2672DEF51BEADC4 /* AddressViewController.swift */ = {isa = PBXFileReference; fileEncoding = 4; lastKnownFileType = sourcecode.swift; path = AddressViewController.swift; sourceTree = "<group>"; };
		B8EA1454E4B1EBD958E7E413 /* GradientButton.swift */ = {isa = PBXFileReference; fileEncoding = 4; lastKnownFileType = sourcecode.swift; path = GradientButton.swift; sourceTree = "<group>"; };
		B8EA14752B8C5D97AE37EEE6 /* Secp256k1Swift.swift */ = {isa = PBXFileReference; fileEncoding = 4; lastKnownFileType = sourcecode.swift; path = Secp256k1Swift.swift; sourceTree = "<group>"; };
		B8EA14EA8EB8491A251D3603 /* MainViewController.swift */ = {isa = PBXFileReference; fileEncoding = 4; lastKnownFileType = sourcecode.swift; path = MainViewController.swift; sourceTree = "<group>"; };
		B8EA14FE6D28D74937B28B55 /* SwapView.swift */ = {isa = PBXFileReference; fileEncoding = 4; lastKnownFileType = sourcecode.swift; path = SwapView.swift; sourceTree = "<group>"; };
		B8EA1506248F3332EFE0E994 /* TabsView.swift */ = {isa = PBXFileReference; fileEncoding = 4; lastKnownFileType = sourcecode.swift; path = TabsView.swift; sourceTree = "<group>"; };
		B8EA1506B1F969451F03F8FD /* SendView.swift */ = {isa = PBXFileReference; fileEncoding = 4; lastKnownFileType = sourcecode.swift; path = SendView.swift; sourceTree = "<group>"; };
		B8EA153FCAB0D191495A8C99 /* MenuTableViewCell.swift */ = {isa = PBXFileReference; fileEncoding = 4; lastKnownFileType = sourcecode.swift; path = MenuTableViewCell.swift; sourceTree = "<group>"; };
		B8EA15972F01E94FB2FC5BC3 /* ReceiveView.swift */ = {isa = PBXFileReference; fileEncoding = 4; lastKnownFileType = sourcecode.swift; path = ReceiveView.swift; sourceTree = "<group>"; };
		B8EA15CACE2F314CC56DE501 /* Transaction.swift */ = {isa = PBXFileReference; fileEncoding = 4; lastKnownFileType = sourcecode.swift; path = Transaction.swift; sourceTree = "<group>"; };
		B8EA15E9D33B339A27DBDBA4 /* SocialsViewController.swift */ = {isa = PBXFileReference; fileEncoding = 4; lastKnownFileType = sourcecode.swift; path = SocialsViewController.swift; sourceTree = "<group>"; };
		B8EA1651FDBF392B83C7A618 /* BalanceAmount.swift */ = {isa = PBXFileReference; fileEncoding = 4; lastKnownFileType = sourcecode.swift; path = BalanceAmount.swift; sourceTree = "<group>"; };
		B8EA168995FDB5D5200A9D25 /* SwapView.xib */ = {isa = PBXFileReference; lastKnownFileType = file.xib; path = SwapView.xib; sourceTree = "<group>"; };
		B8EA1736201913A7A18D87BB /* KeychainPasswordItem.swift */ = {isa = PBXFileReference; fileEncoding = 4; lastKnownFileType = sourcecode.swift; path = KeychainPasswordItem.swift; sourceTree = "<group>"; };
		B8EA17552578856912F65A4F /* ApiConstants.swift */ = {isa = PBXFileReference; fileEncoding = 4; lastKnownFileType = sourcecode.swift; path = ApiConstants.swift; sourceTree = "<group>"; };
		B8EA176DF3BA89D6967086D3 /* TransactionStatus.swift */ = {isa = PBXFileReference; fileEncoding = 4; lastKnownFileType = sourcecode.swift; path = TransactionStatus.swift; sourceTree = "<group>"; };
		B8EA1874540FD9E5BF532F3F /* ApiRouter.swift */ = {isa = PBXFileReference; fileEncoding = 4; lastKnownFileType = sourcecode.swift; path = ApiRouter.swift; sourceTree = "<group>"; };
		B8EA187D7B0E33D8CE47C5D7 /* CryptoHelper.swift */ = {isa = PBXFileReference; fileEncoding = 4; lastKnownFileType = sourcecode.swift; path = CryptoHelper.swift; sourceTree = "<group>"; };
		B8EA1A04EBB7AD8A41903DC0 /* PrivateKeyController.swift */ = {isa = PBXFileReference; fileEncoding = 4; lastKnownFileType = sourcecode.swift; path = PrivateKeyController.swift; sourceTree = "<group>"; };
		B8EA1A06E3393C3709805246 /* TransferViewController.swift */ = {isa = PBXFileReference; fileEncoding = 4; lastKnownFileType = sourcecode.swift; path = TransferViewController.swift; sourceTree = "<group>"; };
		B8EA1AB4DE484A22A99E7DFD /* UIView+Extension.swift */ = {isa = PBXFileReference; fileEncoding = 4; lastKnownFileType = sourcecode.swift; path = "UIView+Extension.swift"; sourceTree = "<group>"; };
		B8EA1D8EC716C39C262B2F0B /* FaqViewController.swift */ = {isa = PBXFileReference; fileEncoding = 4; lastKnownFileType = sourcecode.swift; path = FaqViewController.swift; sourceTree = "<group>"; };
		B8EA1DAB32B70779EF93B2DE /* MenuViewController.swift */ = {isa = PBXFileReference; fileEncoding = 4; lastKnownFileType = sourcecode.swift; path = MenuViewController.swift; sourceTree = "<group>"; };
		B8EA1DBE3695611D726A76D6 /* AboutViewController.swift */ = {isa = PBXFileReference; fileEncoding = 4; lastKnownFileType = sourcecode.swift; path = AboutViewController.swift; sourceTree = "<group>"; };
		B8EA1DEA865063CF4BEDC5EA /* AuthMode.swift */ = {isa = PBXFileReference; fileEncoding = 4; lastKnownFileType = sourcecode.swift; path = AuthMode.swift; sourceTree = "<group>"; };
		B8EA1E69D0A92BCBA9D4AAEA /* AuthViewController.swift */ = {isa = PBXFileReference; fileEncoding = 4; lastKnownFileType = sourcecode.swift; path = AuthViewController.swift; sourceTree = "<group>"; };
		B8EA1F0AC6F5DA4951A86E7C /* GradientView.swift */ = {isa = PBXFileReference; fileEncoding = 4; lastKnownFileType = sourcecode.swift; path = GradientView.swift; sourceTree = "<group>"; };
		B8EA1FD8D39ED0115C317AB0 /* NibView.swift */ = {isa = PBXFileReference; fileEncoding = 4; lastKnownFileType = sourcecode.swift; path = NibView.swift; sourceTree = "<group>"; };
		D55D7342C2EDB0E32FCED51F /* Pods_wallet.framework */ = {isa = PBXFileReference; explicitFileType = wrapper.framework; includeInIndex = 0; path = Pods_wallet.framework; sourceTree = BUILT_PRODUCTS_DIR; };
/* End PBXFileReference section */

/* Begin PBXFrameworksBuildPhase section */
		356A60C52333B93F00E8D118 /* Frameworks */ = {
			isa = PBXFrameworksBuildPhase;
			buildActionMask = 2147483647;
			files = (
				0E792B6944DC35A6EB44E061 /* Pods_wallet.framework in Frameworks */,
			);
			runOnlyForDeploymentPostprocessing = 0;
		};
/* End PBXFrameworksBuildPhase section */

/* Begin PBXGroup section */
		3563230523380530007F06E6 /* IB */ = {
			isa = PBXGroup;
			children = (
				35C93FA6233AFE12003EF90B /* Menu */,
				3563230623380548007F06E6 /* Auth */,
				356323072338055A007F06E6 /* Main */,
				356A60D42333B94000E8D118 /* LaunchScreen.storyboard */,
			);
			path = IB;
			sourceTree = "<group>";
		};
		3563230623380548007F06E6 /* Auth */ = {
			isa = PBXGroup;
			children = (
				356A60DD2333C7A500E8D118 /* Auth.storyboard */,
			);
			path = Auth;
			sourceTree = "<group>";
		};
		356323072338055A007F06E6 /* Main */ = {
			isa = PBXGroup;
			children = (
				356A60CF2333B93F00E8D118 /* Main.storyboard */,
				35C93FA4233ADD03003EF90B /* SendView.xib */,
				B8EA11BCF085AD7E415F26FD /* ReceiveView.xib */,
				B8EA168995FDB5D5200A9D25 /* SwapView.xib */,
			);
			path = Main;
			sourceTree = "<group>";
		};
		356323082338058F007F06E6 /* Api */ = {
			isa = PBXGroup;
			children = (
				35632309233805A7007F06E6 /* Model */,
				B8EA1874540FD9E5BF532F3F /* ApiRouter.swift */,
				B8EA17552578856912F65A4F /* ApiConstants.swift */,
				B8EA10B587A40452E6650A9E /* ApiClient.swift */,
			);
			path = Api;
			sourceTree = "<group>";
		};
		35632309233805A7007F06E6 /* Model */ = {
			isa = PBXGroup;
			children = (
				B8EA1651FDBF392B83C7A618 /* BalanceAmount.swift */,
				B8EA176DF3BA89D6967086D3 /* TransactionStatus.swift */,
				B8EA15CACE2F314CC56DE501 /* Transaction.swift */,
			);
			path = Model;
			sourceTree = "<group>";
		};
		3563230A23380602007F06E6 /* Extensions */ = {
			isa = PBXGroup;
			children = (
				B8EA1454E4B1EBD958E7E413 /* GradientButton.swift */,
				B8EA1AB4DE484A22A99E7DFD /* UIView+Extension.swift */,
				B8EA101A8262DEB1CE21A0A5 /* UIColor+Extension.swift */,
				B8EA1F0AC6F5DA4951A86E7C /* GradientView.swift */,
				B8EA1FD8D39ED0115C317AB0 /* NibView.swift */,
				B8EA1125F44A41A6588C1CEF /* UIApplication+Extension.swift */,
			);
			path = Extensions;
			sourceTree = "<group>";
		};
		3563230B2338060E007F06E6 /* Util */ = {
			isa = PBXGroup;
			children = (
				B8EA110F9290250EC4D79180 /* Palette.swift */,
			);
			path = Util;
			sourceTree = "<group>";
		};
		3563230C23380620007F06E6 /* Core */ = {
			isa = PBXGroup;
			children = (
				3563230D23380643007F06E6 /* Auth */,
				B8EA1BDC2756F93E295205AD /* Main */,
				B8EA10B004389586E8E72633 /* Menu */,
			);
			path = Core;
			sourceTree = "<group>";
		};
		3563230D23380643007F06E6 /* Auth */ = {
			isa = PBXGroup;
			children = (
				3563230E2338064D007F06E6 /* Controllers */,
				B8EA1DEA865063CF4BEDC5EA /* AuthMode.swift */,
				B8EA1736201913A7A18D87BB /* KeychainPasswordItem.swift */,
				B8EA11F255A323DDBD75F780 /* AuthManager.swift */,
			);
			path = Auth;
			sourceTree = "<group>";
		};
		3563230E2338064D007F06E6 /* Controllers */ = {
			isa = PBXGroup;
			children = (
				356A60CD2333B93F00E8D118 /* WelcomeViewController.swift */,
				B8EA1E69D0A92BCBA9D4AAEA /* AuthViewController.swift */,
			);
			path = Controllers;
			sourceTree = "<group>";
		};
		3563231223380C09007F06E6 /* Supporting */ = {
			isa = PBXGroup;
			children = (
				35B8CE20233A664C007BC0C8 /* Fonts */,
				35B8CE1A23398713007BC0C8 /* R.generated.swift */,
				354A96D423428ED500C2AEFA /* Wallet-Bridging-Header.h */,
			);
			path = Supporting;
			sourceTree = "<group>";
		};
		356A60BF2333B93F00E8D118 = {
			isa = PBXGroup;
			children = (
				356A60CA2333B93F00E8D118 /* Wallet */,
				356A60C92333B93F00E8D118 /* Products */,
				53BDC2AE586D17814A0BBEC2 /* Pods */,
				D9AB79D494CB5CDCC715608E /* Frameworks */,
			);
			sourceTree = "<group>";
		};
		356A60C92333B93F00E8D118 /* Products */ = {
			isa = PBXGroup;
			children = (
				356A60C82333B93F00E8D118 /* Enecuum Wallet.app */,
			);
			name = Products;
			sourceTree = "<group>";
		};
		356A60CA2333B93F00E8D118 /* Wallet */ = {
			isa = PBXGroup;
			children = (
				356A60CB2333B93F00E8D118 /* AppDelegate.swift */,
				3563230C23380620007F06E6 /* Core */,
				356323082338058F007F06E6 /* Api */,
				3563230523380530007F06E6 /* IB */,
				3563230B2338060E007F06E6 /* Util */,
				3563230A23380602007F06E6 /* Extensions */,
				3563231223380C09007F06E6 /* Supporting */,
				356A60D22333B94000E8D118 /* Assets.xcassets */,
				356A60D72333B94000E8D118 /* Info.plist */,
				B8EA1FD925EBDA3A25B8B242 /* Crypto */,
			);
			path = Wallet;
			sourceTree = "<group>";
		};
		35B8CE20233A664C007BC0C8 /* Fonts */ = {
			isa = PBXGroup;
			children = (
				35B8CE22233A66AD007BC0C8 /* TTNorms-Bold.otf */,
				35B8CE21233A66AD007BC0C8 /* TTNorms-Medium.otf */,
			);
			path = Fonts;
			sourceTree = "<group>";
		};
		35C93FA6233AFE12003EF90B /* Menu */ = {
			isa = PBXGroup;
			children = (
				35C93FA9233B0538003EF90B /* MenuTableViewCell.xib */,
				35C93FA7233AFE24003EF90B /* Menu.storyboard */,
			);
			path = Menu;
			sourceTree = "<group>";
		};
		53BDC2AE586D17814A0BBEC2 /* Pods */ = {
			isa = PBXGroup;
			children = (
				4A1D9D2B4E61AC9284666F23 /* Pods-wallet.debug.xcconfig */,
				08EAD1528A6739EEF0C63E0F /* Pods-wallet.release.xcconfig */,
			);
			path = Pods;
			sourceTree = "<group>";
		};
		B8EA10B004389586E8E72633 /* Menu */ = {
			isa = PBXGroup;
			children = (
				B8EA1C7CAA82C8526BC3BF0F /* Controllers */,
				B8EA16001F2BA6AE9F6C89CC /* Views */,
			);
			path = Menu;
			sourceTree = "<group>";
		};
		B8EA11B68C8A897C697D30FA /* Controllers */ = {
			isa = PBXGroup;
			children = (
				B8EA14EA8EB8491A251D3603 /* MainViewController.swift */,
				B8EA1A06E3393C3709805246 /* TransferViewController.swift */,
			);
			path = Controllers;
			sourceTree = "<group>";
		};
		B8EA152235983A273D5201BA /* Views */ = {
			isa = PBXGroup;
			children = (
				B8EA1506248F3332EFE0E994 /* TabsView.swift */,
				B8EA1506B1F969451F03F8FD /* SendView.swift */,
				B8EA121B268DF274D4508B63 /* Slider.swift */,
				B8EA15972F01E94FB2FC5BC3 /* ReceiveView.swift */,
				B8EA14FE6D28D74937B28B55 /* SwapView.swift */,
			);
			path = Views;
			sourceTree = "<group>";
		};
		B8EA16001F2BA6AE9F6C89CC /* Views */ = {
			isa = PBXGroup;
			children = (
				B8EA153FCAB0D191495A8C99 /* MenuTableViewCell.swift */,
			);
			path = Views;
			sourceTree = "<group>";
		};
		B8EA1BDC2756F93E295205AD /* Main */ = {
			isa = PBXGroup;
			children = (
				B8EA11B68C8A897C697D30FA /* Controllers */,
				B8EA152235983A273D5201BA /* Views */,
			);
			path = Main;
			sourceTree = "<group>";
		};
		B8EA1C7CAA82C8526BC3BF0F /* Controllers */ = {
			isa = PBXGroup;
			children = (
				B8EA1DAB32B70779EF93B2DE /* MenuViewController.swift */,
				B8EA1DBE3695611D726A76D6 /* AboutViewController.swift */,
				B8EA1A04EBB7AD8A41903DC0 /* PrivateKeyController.swift */,
				B8EA1239C2672DEF51BEADC4 /* AddressViewController.swift */,
				B8EA15E9D33B339A27DBDBA4 /* SocialsViewController.swift */,
				B8EA1D8EC716C39C262B2F0B /* FaqViewController.swift */,
			);
			path = Controllers;
			sourceTree = "<group>";
		};
		B8EA1F6992860BC3161670D7 /* Extensions */ = {
			isa = PBXGroup;
			children = (
				B8EA10E4437B39F7691B4E73 /* Array+Extension.swift */,
			);
			path = Extensions;
			sourceTree = "<group>";
		};
		B8EA1FD925EBDA3A25B8B242 /* Crypto */ = {
			isa = PBXGroup;
			children = (
				B8EA1F6992860BC3161670D7 /* Extensions */,
				B8EA14752B8C5D97AE37EEE6 /* Secp256k1Swift.swift */,
				B8EA187D7B0E33D8CE47C5D7 /* CryptoHelper.swift */,
			);
			path = Crypto;
			sourceTree = "<group>";
		};
		D9AB79D494CB5CDCC715608E /* Frameworks */ = {
			isa = PBXGroup;
			children = (
				D55D7342C2EDB0E32FCED51F /* Pods_wallet.framework */,
			);
			name = Frameworks;
			sourceTree = "<group>";
		};
/* End PBXGroup section */

/* Begin PBXNativeTarget section */
		356A60C72333B93F00E8D118 /* wallet */ = {
			isa = PBXNativeTarget;
			buildConfigurationList = 356A60DA2333B94000E8D118 /* Build configuration list for PBXNativeTarget "wallet" */;
			buildPhases = (
				0BAEDEAF84921D8CADA300D3 /* [CP] Check Pods Manifest.lock */,
				3563230F23380B4E007F06E6 /* ShellScript */,
				356A60C42333B93F00E8D118 /* Sources */,
				356A60C52333B93F00E8D118 /* Frameworks */,
				356A60C62333B93F00E8D118 /* Resources */,
				17F5CCA5C1EB783462B34E1C /* [CP] Embed Pods Frameworks */,
			);
			buildRules = (
			);
			dependencies = (
			);
			name = wallet;
			productName = wallet;
			productReference = 356A60C82333B93F00E8D118 /* Enecuum Wallet.app */;
			productType = "com.apple.product-type.application";
		};
/* End PBXNativeTarget section */

/* Begin PBXProject section */
		356A60C02333B93F00E8D118 /* Project object */ = {
			isa = PBXProject;
			attributes = {
				LastSwiftUpdateCheck = 1030;
				LastUpgradeCheck = 1030;
				ORGANIZATIONNAME = Enecuum;
				TargetAttributes = {
					356A60C72333B93F00E8D118 = {
						CreatedOnToolsVersion = 10.3;
						LastSwiftMigration = 1030;
					};
				};
			};
			buildConfigurationList = 356A60C32333B93F00E8D118 /* Build configuration list for PBXProject "Wallet" */;
			compatibilityVersion = "Xcode 9.3";
			developmentRegion = en;
			hasScannedForEncodings = 0;
			knownRegions = (
				en,
				Base,
			);
			mainGroup = 356A60BF2333B93F00E8D118;
			productRefGroup = 356A60C92333B93F00E8D118 /* Products */;
			projectDirPath = "";
			projectRoot = "";
			targets = (
				356A60C72333B93F00E8D118 /* wallet */,
			);
		};
/* End PBXProject section */

/* Begin PBXResourcesBuildPhase section */
		356A60C62333B93F00E8D118 /* Resources */ = {
			isa = PBXResourcesBuildPhase;
			buildActionMask = 2147483647;
			files = (
				35C93FA5233ADD03003EF90B /* SendView.xib in Resources */,
				35B8CE24233A66AD007BC0C8 /* TTNorms-Bold.otf in Resources */,
				356A60DE2333C7A500E8D118 /* Auth.storyboard in Resources */,
				356A60D62333B94000E8D118 /* LaunchScreen.storyboard in Resources */,
				356A60D32333B94000E8D118 /* Assets.xcassets in Resources */,
				35C93FA8233AFE24003EF90B /* Menu.storyboard in Resources */,
				35B8CE23233A66AD007BC0C8 /* TTNorms-Medium.otf in Resources */,
				356A60D12333B93F00E8D118 /* Main.storyboard in Resources */,
				35C93FAB233B0D2B003EF90B /* MenuTableViewCell.xib in Resources */,
				B8EA182891245D4675ADDF7B /* ReceiveView.xib in Resources */,
				B8EA178F557753B48D3EB921 /* SwapView.xib in Resources */,
			);
			runOnlyForDeploymentPostprocessing = 0;
		};
/* End PBXResourcesBuildPhase section */

/* Begin PBXShellScriptBuildPhase section */
		0BAEDEAF84921D8CADA300D3 /* [CP] Check Pods Manifest.lock */ = {
			isa = PBXShellScriptBuildPhase;
			buildActionMask = 2147483647;
			files = (
			);
			inputFileListPaths = (
			);
			inputPaths = (
				"${PODS_PODFILE_DIR_PATH}/Podfile.lock",
				"${PODS_ROOT}/Manifest.lock",
			);
			name = "[CP] Check Pods Manifest.lock";
			outputFileListPaths = (
			);
			outputPaths = (
				"$(DERIVED_FILE_DIR)/Pods-wallet-checkManifestLockResult.txt",
			);
			runOnlyForDeploymentPostprocessing = 0;
			shellPath = /bin/sh;
			shellScript = "diff \"${PODS_PODFILE_DIR_PATH}/Podfile.lock\" \"${PODS_ROOT}/Manifest.lock\" > /dev/null\nif [ $? != 0 ] ; then\n    # print error to STDERR\n    echo \"error: The sandbox is not in sync with the Podfile.lock. Run 'pod install' or update your CocoaPods installation.\" >&2\n    exit 1\nfi\n# This output is used by Xcode 'outputs' to avoid re-running this script phase.\necho \"SUCCESS\" > \"${SCRIPT_OUTPUT_FILE_0}\"\n";
			showEnvVarsInLog = 0;
		};
		17F5CCA5C1EB783462B34E1C /* [CP] Embed Pods Frameworks */ = {
			isa = PBXShellScriptBuildPhase;
			buildActionMask = 2147483647;
			files = (
			);
			inputFileListPaths = (
				"${PODS_ROOT}/Target Support Files/Pods-wallet/Pods-wallet-frameworks-${CONFIGURATION}-input-files.xcfilelist",
			);
			name = "[CP] Embed Pods Frameworks";
			outputFileListPaths = (
				"${PODS_ROOT}/Target Support Files/Pods-wallet/Pods-wallet-frameworks-${CONFIGURATION}-output-files.xcfilelist",
			);
			runOnlyForDeploymentPostprocessing = 0;
			shellPath = /bin/sh;
			shellScript = "\"${PODS_ROOT}/Target Support Files/Pods-wallet/Pods-wallet-frameworks.sh\"\n";
			showEnvVarsInLog = 0;
		};
		3563230F23380B4E007F06E6 /* ShellScript */ = {
			isa = PBXShellScriptBuildPhase;
			buildActionMask = 2147483647;
			files = (
			);
			inputFileListPaths = (
			);
			inputPaths = (
				"$TEMP_DIR/rswift-lastrun",
			);
			outputFileListPaths = (
			);
			outputPaths = (
				"$(SRCROOT)/Wallet/Supporting/R.generated.swift",
			);
			runOnlyForDeploymentPostprocessing = 0;
			shellPath = /bin/sh;
			shellScript = "\"$PODS_ROOT/R.swift/rswift\" generate \"$SRCROOT/Wallet/Supporting/R.generated.swift\"\ndate > \"$SRCROOT/dirtyHackFile\"\n";
		};
/* End PBXShellScriptBuildPhase section */

/* Begin PBXSourcesBuildPhase section */
		356A60C42333B93F00E8D118 /* Sources */ = {
			isa = PBXSourcesBuildPhase;
			buildActionMask = 2147483647;
			files = (
				356A60CE2333B93F00E8D118 /* WelcomeViewController.swift in Sources */,
				356A60CC2333B93F00E8D118 /* AppDelegate.swift in Sources */,
				B8EA135ACA1DCB77A9B3928C /* GradientButton.swift in Sources */,
				B8EA1347970505193E9CD473 /* UIView+Extension.swift in Sources */,
				B8EA1C041CF5B2023AFDC0BE /* AuthViewController.swift in Sources */,
				35B8CE1B23398713007BC0C8 /* R.generated.swift in Sources */,
				B8EA16A409C0D7F92A21D1AD /* AuthMode.swift in Sources */,
				B8EA1CC4E9CA358A0E45BB0F /* UIColor+Extension.swift in Sources */,
				B8EA121C55AEAAE0ED0F306B /* Palette.swift in Sources */,
				B8EA13A051ECAFB38A3C6C8A /* MainViewController.swift in Sources */,
				B8EA1822B48727D7ADDDBF08 /* GradientView.swift in Sources */,
				B8EA1924649899AC4079D1A9 /* TransferViewController.swift in Sources */,
				B8EA15CBA9C960A2BFA918EB /* TabsView.swift in Sources */,
				B8EA1E29300288410B2DFC07 /* SendView.swift in Sources */,
				B8EA13E852C7199422A9CDAE /* NibView.swift in Sources */,
				B8EA1AD5D60A2E7DACBB78A8 /* Slider.swift in Sources */,
				B8EA10042D35D8D0F8B73B77 /* ReceiveView.swift in Sources */,
				B8EA1D346E2A804AA6E52308 /* SwapView.swift in Sources */,
				B8EA1B89B74C8FB7DCF67632 /* MenuViewController.swift in Sources */,
				B8EA1763767A6770EB43A11B /* MenuTableViewCell.swift in Sources */,
				B8EA17D142D8F7F87EFC69D5 /* Array+Extension.swift in Sources */,
				B8EA1617BC48D1A4733B604A /* Secp256k1Swift.swift in Sources */,
				B8EA15AB5BE6A3A17F66EB3E /* CryptoHelper.swift in Sources */,
				B8EA1E0979AC35B894DA7F7D /* KeychainPasswordItem.swift in Sources */,
				B8EA12606E90F967E84A040E /* AuthManager.swift in Sources */,
				B8EA18AC5731348E4C36DA5F /* ApiRouter.swift in Sources */,
				B8EA191BFDEF30B297938C5D /* ApiConstants.swift in Sources */,
				B8EA1F79D851002539ED16CE /* BalanceAmount.swift in Sources */,
				B8EA12967CF8667931778061 /* ApiClient.swift in Sources */,
				B8EA14D1F3A16E25A9A52D2F /* UIApplication+Extension.swift in Sources */,
				B8EA1B5D5B4BE05678661594 /* AboutViewController.swift in Sources */,
				B8EA14C1D449204D9962F822 /* PrivateKeyController.swift in Sources */,
				B8EA1C6783C9B23D7D74D9C3 /* AddressViewController.swift in Sources */,
				B8EA16453984B1EBC51FF657 /* SocialsViewController.swift in Sources */,
				B8EA1AC9E7E32FCA2FFD663C /* FaqViewController.swift in Sources */,
				B8EA1849D8A479672073A236 /* TransactionStatus.swift in Sources */,
				B8EA14CE5A9CBD1DD0AEFD15 /* Transaction.swift in Sources */,
			);
			runOnlyForDeploymentPostprocessing = 0;
		};
/* End PBXSourcesBuildPhase section */

/* Begin PBXVariantGroup section */
		356A60CF2333B93F00E8D118 /* Main.storyboard */ = {
			isa = PBXVariantGroup;
			children = (
				356A60D02333B93F00E8D118 /* Base */,
			);
			name = Main.storyboard;
			sourceTree = "<group>";
		};
		356A60D42333B94000E8D118 /* LaunchScreen.storyboard */ = {
			isa = PBXVariantGroup;
			children = (
				356A60D52333B94000E8D118 /* Base */,
			);
			name = LaunchScreen.storyboard;
			sourceTree = "<group>";
		};
/* End PBXVariantGroup section */

/* Begin XCBuildConfiguration section */
		356A60D82333B94000E8D118 /* Debug */ = {
			isa = XCBuildConfiguration;
			buildSettings = {
				ALWAYS_SEARCH_USER_PATHS = NO;
				CLANG_ANALYZER_NONNULL = YES;
				CLANG_ANALYZER_NUMBER_OBJECT_CONVERSION = YES_AGGRESSIVE;
				CLANG_CXX_LANGUAGE_STANDARD = "gnu++14";
				CLANG_CXX_LIBRARY = "libc++";
				CLANG_ENABLE_MODULES = YES;
				CLANG_ENABLE_OBJC_ARC = YES;
				CLANG_ENABLE_OBJC_WEAK = YES;
				CLANG_WARN_BLOCK_CAPTURE_AUTORELEASING = YES;
				CLANG_WARN_BOOL_CONVERSION = YES;
				CLANG_WARN_COMMA = YES;
				CLANG_WARN_CONSTANT_CONVERSION = YES;
				CLANG_WARN_DEPRECATED_OBJC_IMPLEMENTATIONS = YES;
				CLANG_WARN_DIRECT_OBJC_ISA_USAGE = YES_ERROR;
				CLANG_WARN_DOCUMENTATION_COMMENTS = YES;
				CLANG_WARN_EMPTY_BODY = YES;
				CLANG_WARN_ENUM_CONVERSION = YES;
				CLANG_WARN_INFINITE_RECURSION = YES;
				CLANG_WARN_INT_CONVERSION = YES;
				CLANG_WARN_NON_LITERAL_NULL_CONVERSION = YES;
				CLANG_WARN_OBJC_IMPLICIT_RETAIN_SELF = YES;
				CLANG_WARN_OBJC_LITERAL_CONVERSION = YES;
				CLANG_WARN_OBJC_ROOT_CLASS = YES_ERROR;
				CLANG_WARN_RANGE_LOOP_ANALYSIS = YES;
				CLANG_WARN_STRICT_PROTOTYPES = YES;
				CLANG_WARN_SUSPICIOUS_MOVE = YES;
				CLANG_WARN_UNGUARDED_AVAILABILITY = YES_AGGRESSIVE;
				CLANG_WARN_UNREACHABLE_CODE = YES;
				CLANG_WARN__DUPLICATE_METHOD_MATCH = YES;
				CODE_SIGN_IDENTITY = "iPhone Developer";
				COPY_PHASE_STRIP = NO;
				DEBUG_INFORMATION_FORMAT = dwarf;
				ENABLE_STRICT_OBJC_MSGSEND = YES;
				ENABLE_TESTABILITY = YES;
				GCC_C_LANGUAGE_STANDARD = gnu11;
				GCC_DYNAMIC_NO_PIC = NO;
				GCC_NO_COMMON_BLOCKS = YES;
				GCC_OPTIMIZATION_LEVEL = 0;
				GCC_PREPROCESSOR_DEFINITIONS = (
					"DEBUG=1",
					"$(inherited)",
				);
				GCC_WARN_64_TO_32_BIT_CONVERSION = YES;
				GCC_WARN_ABOUT_RETURN_TYPE = YES_ERROR;
				GCC_WARN_UNDECLARED_SELECTOR = YES;
				GCC_WARN_UNINITIALIZED_AUTOS = YES_AGGRESSIVE;
				GCC_WARN_UNUSED_FUNCTION = YES;
				GCC_WARN_UNUSED_VARIABLE = YES;
				IPHONEOS_DEPLOYMENT_TARGET = 12.4;
				MTL_ENABLE_DEBUG_INFO = INCLUDE_SOURCE;
				MTL_FAST_MATH = YES;
				ONLY_ACTIVE_ARCH = YES;
				PRODUCT_NAME = "Enecuum Wallet";
				SDKROOT = iphoneos;
				SWIFT_ACTIVE_COMPILATION_CONDITIONS = DEBUG;
				SWIFT_OPTIMIZATION_LEVEL = "-Onone";
			};
			name = Debug;
		};
		356A60D92333B94000E8D118 /* Release */ = {
			isa = XCBuildConfiguration;
			buildSettings = {
				ALWAYS_SEARCH_USER_PATHS = NO;
				CLANG_ANALYZER_NONNULL = YES;
				CLANG_ANALYZER_NUMBER_OBJECT_CONVERSION = YES_AGGRESSIVE;
				CLANG_CXX_LANGUAGE_STANDARD = "gnu++14";
				CLANG_CXX_LIBRARY = "libc++";
				CLANG_ENABLE_MODULES = YES;
				CLANG_ENABLE_OBJC_ARC = YES;
				CLANG_ENABLE_OBJC_WEAK = YES;
				CLANG_WARN_BLOCK_CAPTURE_AUTORELEASING = YES;
				CLANG_WARN_BOOL_CONVERSION = YES;
				CLANG_WARN_COMMA = YES;
				CLANG_WARN_CONSTANT_CONVERSION = YES;
				CLANG_WARN_DEPRECATED_OBJC_IMPLEMENTATIONS = YES;
				CLANG_WARN_DIRECT_OBJC_ISA_USAGE = YES_ERROR;
				CLANG_WARN_DOCUMENTATION_COMMENTS = YES;
				CLANG_WARN_EMPTY_BODY = YES;
				CLANG_WARN_ENUM_CONVERSION = YES;
				CLANG_WARN_INFINITE_RECURSION = YES;
				CLANG_WARN_INT_CONVERSION = YES;
				CLANG_WARN_NON_LITERAL_NULL_CONVERSION = YES;
				CLANG_WARN_OBJC_IMPLICIT_RETAIN_SELF = YES;
				CLANG_WARN_OBJC_LITERAL_CONVERSION = YES;
				CLANG_WARN_OBJC_ROOT_CLASS = YES_ERROR;
				CLANG_WARN_RANGE_LOOP_ANALYSIS = YES;
				CLANG_WARN_STRICT_PROTOTYPES = YES;
				CLANG_WARN_SUSPICIOUS_MOVE = YES;
				CLANG_WARN_UNGUARDED_AVAILABILITY = YES_AGGRESSIVE;
				CLANG_WARN_UNREACHABLE_CODE = YES;
				CLANG_WARN__DUPLICATE_METHOD_MATCH = YES;
				CODE_SIGN_IDENTITY = "iPhone Developer";
				COPY_PHASE_STRIP = NO;
				DEBUG_INFORMATION_FORMAT = "dwarf-with-dsym";
				ENABLE_NS_ASSERTIONS = NO;
				ENABLE_STRICT_OBJC_MSGSEND = YES;
				GCC_C_LANGUAGE_STANDARD = gnu11;
				GCC_NO_COMMON_BLOCKS = YES;
				GCC_WARN_64_TO_32_BIT_CONVERSION = YES;
				GCC_WARN_ABOUT_RETURN_TYPE = YES_ERROR;
				GCC_WARN_UNDECLARED_SELECTOR = YES;
				GCC_WARN_UNINITIALIZED_AUTOS = YES_AGGRESSIVE;
				GCC_WARN_UNUSED_FUNCTION = YES;
				GCC_WARN_UNUSED_VARIABLE = YES;
				IPHONEOS_DEPLOYMENT_TARGET = 12.4;
				MTL_ENABLE_DEBUG_INFO = NO;
				MTL_FAST_MATH = YES;
				PRODUCT_NAME = "Enecuum Wallet";
				SDKROOT = iphoneos;
				SWIFT_COMPILATION_MODE = wholemodule;
				SWIFT_OPTIMIZATION_LEVEL = "-O";
				VALIDATE_PRODUCT = YES;
			};
			name = Release;
		};
		356A60DB2333B94000E8D118 /* Debug */ = {
			isa = XCBuildConfiguration;
			baseConfigurationReference = 4A1D9D2B4E61AC9284666F23 /* Pods-wallet.debug.xcconfig */;
			buildSettings = {
				ASSETCATALOG_COMPILER_APPICON_NAME = AppIcon;
				CLANG_ENABLE_MODULES = YES;
				CODE_SIGN_STYLE = Automatic;
				DEVELOPMENT_TEAM = UX43SAZ2QJ;
				INFOPLIST_FILE = wallet/Info.plist;
				IPHONEOS_DEPLOYMENT_TARGET = 10.0;
				LD_RUNPATH_SEARCH_PATHS = (
					"$(inherited)",
					"@executable_path/Frameworks",
				);
				PRODUCT_BUNDLE_IDENTIFIER = com.enecuum.wallet;
				PRODUCT_NAME = "$(PRODUCT_NAME)";
				SWIFT_OBJC_BRIDGING_HEADER = "Wallet/Supporting/Wallet-Bridging-Header.h";
				SWIFT_OPTIMIZATION_LEVEL = "-Onone";
				SWIFT_VERSION = 5.0;
				TARGETED_DEVICE_FAMILY = "1,2";
			};
			name = Debug;
		};
		356A60DC2333B94000E8D118 /* Release */ = {
			isa = XCBuildConfiguration;
			baseConfigurationReference = 08EAD1528A6739EEF0C63E0F /* Pods-wallet.release.xcconfig */;
			buildSettings = {
				ASSETCATALOG_COMPILER_APPICON_NAME = AppIcon;
				CLANG_ENABLE_MODULES = YES;
				CODE_SIGN_STYLE = Automatic;
				DEVELOPMENT_TEAM = UX43SAZ2QJ;
				INFOPLIST_FILE = wallet/Info.plist;
				IPHONEOS_DEPLOYMENT_TARGET = 10.0;
				LD_RUNPATH_SEARCH_PATHS = (
					"$(inherited)",
					"@executable_path/Frameworks",
				);
				PRODUCT_BUNDLE_IDENTIFIER = com.enecuum.wallet;
				PRODUCT_NAME = "$(PRODUCT_NAME)";
				SWIFT_OBJC_BRIDGING_HEADER = "Wallet/Supporting/Wallet-Bridging-Header.h";
				SWIFT_VERSION = 5.0;
				TARGETED_DEVICE_FAMILY = "1,2";
			};
			name = Release;
		};
/* End XCBuildConfiguration section */

/* Begin XCConfigurationList section */
		356A60C32333B93F00E8D118 /* Build configuration list for PBXProject "Wallet" */ = {
			isa = XCConfigurationList;
			buildConfigurations = (
				356A60D82333B94000E8D118 /* Debug */,
				356A60D92333B94000E8D118 /* Release */,
			);
			defaultConfigurationIsVisible = 0;
			defaultConfigurationName = Release;
		};
		356A60DA2333B94000E8D118 /* Build configuration list for PBXNativeTarget "wallet" */ = {
			isa = XCConfigurationList;
			buildConfigurations = (
				356A60DB2333B94000E8D118 /* Debug */,
				356A60DC2333B94000E8D118 /* Release */,
			);
			defaultConfigurationIsVisible = 0;
			defaultConfigurationName = Release;
		};
/* End XCConfigurationList section */
	};
	rootObject = 356A60C02333B93F00E8D118 /* Project object */;
}
