PODS:
  - Alamofire (5.0.0-rc.2)
  - AlamofireNetworkActivityLogger (3.0.0):
    - Alamofire (~> 5.0.0-rc.2)
  - CryptoSwift (1.0.0)
  - EFQRCode (5.1.0):
    - swift_qrcodejs (~> 1.1.1)
  - Nantes (0.0.8)
  - R.swift (5.0.3):
    - R.swift.Library (~> 5.0.0)
  - R.swift.Library (5.0.1)
  - secp256k1.swift (0.1.4)
  - swift_qrcodejs (1.1.2)

DEPENDENCIES:
  - Alamofire (~> 5.0.0-rc.2)
  - AlamofireNetworkActivityLogger (~> 3.0)
  - CryptoSwift
  - EFQRCode (~> 5.1.0)
  - Nantes
  - R.swift
  - secp256k1.swift

SPEC REPOS:
  trunk:
    - Alamofire
    - AlamofireNetworkActivityLogger
    - CryptoSwift
    - EFQRCode
    - Nantes
    - R.swift
    - R.swift.Library
    - secp256k1.swift
    - swift_qrcodejs

SPEC CHECKSUMS:
  Alamofire: f9450d3c7f6bea2ad62e7a541c3e9b186c7991d6
  AlamofireNetworkActivityLogger: 94e8a7d454a4a9800cef1d0c1d3699754493684b
  CryptoSwift: d81eeaa59dc5a8d03720fe919a6fd07b51f7439f
  EFQRCode: 07ee69f29196329e974b9bffa5381240cc09ea4c
  Nantes: 94a2e0c0b8207f12694f4ff6d96bf670adad3e27
  R.swift: f5a87643b91ea569d23d6afb3eee9c743edde239
  R.swift.Library: cfe85d569d9bae6cb262922db130e7c3a7a5fad1
  secp256k1.swift: a7e7a214f6db6ce5db32cc6b2b45e5c4dd633634
  swift_qrcodejs: 4d024fc98b0778b804ec6a5c810880fd092aec9d

PODFILE CHECKSUM: c2093e7ef3aeb2fb2cad44b31ab614130251c90a

COCOAPODS: 1.9.3
